
Microsoft Visual Studio Solution File, Format Version 12.00
# Visual Studio 2012
Project("{FAE04EC0-301F-11D3-BF4B-00C04F79EFBC}") = "Smallhulk.Web", "Smallhulk.Web\Smallhulk.Web.csproj", "{05F1C718-3580-4AFF-97D1-E8A5D38A3B38}"
EndProject
Project("{FAE04EC0-301F-11D3-BF4B-00C04F79EFBC}") = "Smallhulk.Core", "Smallhulk.Core\Smallhulk.Core.csproj", "{982CABC3-0D51-4F7B-B581-D3D3808450D4}"
EndProject
Project("{FAE04EC0-301F-11D3-BF4B-00C04F79EFBC}") = "Smallhulk.Data", "Smallhulk.Data\Smallhulk.Data.csproj", "{BB955CEF-CBC1-4127-BD49-A1289F19D233}"
EndProject
Project("{FAE04EC0-301F-11D3-BF4B-00C04F79EFBC}") = "Smallhulk.Web.Lib", "Smallhulk.Web.Lib\Smallhulk.Web.Lib.csproj", "{8DE50C7B-66B1-4467-A6B1-952229C6E3B7}"
EndProject
Project("{FAE04EC0-301F-11D3-BF4B-00C04F79EFBC}") = "Smallhulk.Tests", "Smallhulk.Tests\Smallhulk.Tests.csproj", "{B967C828-DB1C-4C6A-85F1-9B53DC3615DA}"
EndProject
Global
	GlobalSection(SolutionConfigurationPlatforms) = preSolution
		Debug|Any CPU = Debug|Any CPU
		Release|Any CPU = Release|Any CPU
	EndGlobalSection
	GlobalSection(ProjectConfigurationPlatforms) = postSolution
		{05F1C718-3580-4AFF-97D1-E8A5D38A3B38}.Debug|Any CPU.ActiveCfg = Debug|Any CPU
		{05F1C718-3580-4AFF-97D1-E8A5D38A3B38}.Debug|Any CPU.Build.0 = Debug|Any CPU
		{05F1C718-3580-4AFF-97D1-E8A5D38A3B38}.Release|Any CPU.ActiveCfg = Release|Any CPU
		{05F1C718-3580-4AFF-97D1-E8A5D38A3B38}.Release|Any CPU.Build.0 = Release|Any CPU
		{982CABC3-0D51-4F7B-B581-D3D3808450D4}.Debug|Any CPU.ActiveCfg = Debug|Any CPU
		{982CABC3-0D51-4F7B-B581-D3D3808450D4}.Debug|Any CPU.Build.0 = Debug|Any CPU
		{982CABC3-0D51-4F7B-B581-D3D3808450D4}.Release|Any CPU.ActiveCfg = Release|Any CPU
		{982CABC3-0D51-4F7B-B581-D3D3808450D4}.Release|Any CPU.Build.0 = Release|Any CPU
		{BB955CEF-CBC1-4127-BD49-A1289F19D233}.Debug|Any CPU.ActiveCfg = Debug|Any CPU
		{BB955CEF-CBC1-4127-BD49-A1289F19D233}.Debug|Any CPU.Build.0 = Debug|Any CPU
		{BB955CEF-CBC1-4127-BD49-A1289F19D233}.Release|Any CPU.ActiveCfg = Release|Any CPU
		{BB955CEF-CBC1-4127-BD49-A1289F19D233}.Release|Any CPU.Build.0 = Release|Any CPU
		{8DE50C7B-66B1-4467-A6B1-952229C6E3B7}.Debug|Any CPU.ActiveCfg = Debug|Any CPU
		{8DE50C7B-66B1-4467-A6B1-952229C6E3B7}.Debug|Any CPU.Build.0 = Debug|Any CPU
		{8DE50C7B-66B1-4467-A6B1-952229C6E3B7}.Release|Any CPU.ActiveCfg = Release|Any CPU
		{8DE50C7B-66B1-4467-A6B1-952229C6E3B7}.Release|Any CPU.Build.0 = Release|Any CPU
		{B967C828-DB1C-4C6A-85F1-9B53DC3615DA}.Debug|Any CPU.ActiveCfg = Debug|Any CPU
		{B967C828-DB1C-4C6A-85F1-9B53DC3615DA}.Debug|Any CPU.Build.0 = Debug|Any CPU
		{B967C828-DB1C-4C6A-85F1-9B53DC3615DA}.Release|Any CPU.ActiveCfg = Release|Any CPU
		{B967C828-DB1C-4C6A-85F1-9B53DC3615DA}.Release|Any CPU.Build.0 = Release|Any CPU
	EndGlobalSection
	GlobalSection(SolutionProperties) = preSolution
		HideSolutionNode = FALSE
	EndGlobalSection
EndGlobal
